{
  "contracts/evm/lib/forge-std": {
    "rev": "77041d2ce690e692d6e03cc812b57d1ddaa4d505"
  },
  "contracts/evm/lib/openzeppelin-contracts": {
    "rev": "f9f7db03f3df020aace3958b8fb7de8891d133e5"
  },
  "contracts/evm/lib/oracle": {
    "rev": "2c8947220fc616e0370e51fd323f89ba985655ba"
  },
  "contracts/evm/lib/permit2": {
    "rev": "cc56ad0f3439c502c246fc5cfcc3db92bb8b7219"
  },
  "contracts/evm/lib/solady": {
    "rev": "acd959aa4bd04720d640bf4e6a5c71037510cc4b"
  },
  "contracts/evm/lib/v4-periphery": {
    "rev": "ad04c9f24a170accf5ea1b2836bbafd514537ca6"
  },
  "lib/chainlink-brownie-contracts": {
    "rev": "5cb41fbc9b525338b6098da5ea7dd0b7e92f89e4"
  },
  "lib/forge-std": {
    "rev": "77041d2ce690e692d6e03cc812b57d1ddaa4d505"
  },
  "lib/openzeppelin-contracts": {
    "rev": "f9f7db03f3df020aace3958b8fb7de8891d133e5"
  },
  "lib/oracle": {
    "tag": {
      "name": "v2.14.0",
      "rev": "14be16854577feb440faa566ea877c80dfebabcc"
    }
  },
  "lib/permit2": {
    "rev": "cc56ad0f3439c502c246fc5cfcc3db92bb8b7219"
  },
  "lib/solady": {
    "tag": {
      "name": "v0.1.26",
      "rev": "acd959aa4bd04720d640bf4e6a5c71037510cc4b"
    }
  },
  "lib/solmate": {
    "rev": "c93f7716c9909175d45f6ef80a34a650e2d24e56"
  },
  "lib/v4-periphery": {
    "rev": "ad04c9f24a170accf5ea1b2836bbafd514537ca6"
  },
  "oracle-scripts/oracle": {
    "rev": "14be16854577feb440faa566ea877c80dfebabcc"
  }
}